
Microsoft Visual Studio Solution File, Format Version 12.00
# Visual Studio Version 17
VisualStudioVersion = 17.2.32616.157
MinimumVisualStudioVersion = 10.0.40219.1
Project("{8BC9CEB8-8B4A-11D0-8D11-00A0C91BC942}") = "MazeGame", "MazeGame\MazeGame.vcxproj", "{CDE4A1BE-26A7-48A4-806C-149D5987FBF3}"
EndProject
Global
	GlobalSection(SolutionConfigurationPlatforms) = preSolution
		Debug|x64 = Debug|x64
		Debug|x86 = Debug|x86
		Release|x64 = Release|x64
		Release|x86 = Release|x86
	EndGlobalSection
	GlobalSection(ProjectConfigurationPlatforms) = postSolution
		{CDE4A1BE-26A7-48A4-806C-149D5987FBF3}.Debug|x64.ActiveCfg = Debug|x64
		{CDE4A1BE-26A7-48A4-806C-149D5987FBF3}.Debug|x64.Build.0 = Debug|x64
		{CDE4A1BE-26A7-48A4-806C-149D5987FBF3}.Debug|x86.ActiveCfg = Debug|Win32
		{CDE4A1BE-26A7-48A4-806C-149D5987FBF3}.Debug|x86.Build.0 = Debug|Win32
		{CDE4A1BE-26A7-48A4-806C-149D5987FBF3}.Release|x64.ActiveCfg = Release|x64
		{CDE4A1BE-26A7-48A4-806C-149D5987FBF3}.Release|x64.Build.0 = Release|x64
		{CDE4A1BE-26A7-48A4-806C-149D5987FBF3}.Release|x86.ActiveCfg = Release|Win32
		{CDE4A1BE-26A7-48A4-806C-149D5987FBF3}.Release|x86.Build.0 = Release|Win32
	EndGlobalSection
	GlobalSection(SolutionProperties) = preSolution
		HideSolutionNode = FALSE
	EndGlobalSection
	GlobalSection(ExtensibilityGlobals) = postSolution
		SolutionGuid = {6F5A97B6-D427-43C4-AA80-F6561EA55A4A}
	EndGlobalSection
EndGlobal
